
Microsoft Visual Studio Solution File, Format Version 12.00
# Visual Studio Version 16
VisualStudioVersion = 16.0.32126.315
MinimumVisualStudioVersion = 10.0.40219.1
Project("{9A19103F-16F7-4668-BE54-9A1E7A4F7556}") = "First", "First.csproj", "{7B08B130-2AAB-4BD2-B365-BA5A424612DF}"
EndProject
Global
	GlobalSection(SolutionConfigurationPlatforms) = preSolution
		Debug|Any CPU = Debug|Any CPU
		Release|Any CPU = Release|Any CPU
	EndGlobalSection
	GlobalSection(ProjectConfigurationPlatforms) = postSolution
		{7B08B130-2AAB-4BD2-B365-BA5A424612DF}.Debug|Any CPU.ActiveCfg = Debug|Any CPU
		{7B08B130-2AAB-4BD2-B365-BA5A424612DF}.Debug|Any CPU.Build.0 = Debug|Any CPU
		{7B08B130-2AAB-4BD2-B365-BA5A424612DF}.Release|Any CPU.ActiveCfg = Release|Any CPU
		{7B08B130-2AAB-4BD2-B365-BA5A424612DF}.Release|Any CPU.Build.0 = Release|Any CPU
	EndGlobalSection
	GlobalSection(SolutionProperties) = preSolution
		HideSolutionNode = FALSE
	EndGlobalSection
	GlobalSection(ExtensibilityGlobals) = postSolution
		SolutionGuid = {E198F0A6-6F2A-49AF-A4E6-219E05C66B91}
	EndGlobalSection
EndGlobal
